{
  "version": 4,
  "terraform_version": "1.7.3",
  "serial": 4,
  "lineage": "1fc6333e-11c0-6dbd-7cb4-d6b3d4ed8bce",
  "outputs": {
    "info": {
      "value": {
        "ami": "ubuntu-adef",
        "instances": 4,
        "keys": [
          "key1.pem",
          "key2.pem"
        ],
        "name": "test_ec2_instance"
      },
      "type": [
        "object",
        {
          "ami": "string",
          "instances": "number",
          "keys": [
            "list",
            "string"
          ],
          "name": "string"
        }
      ]
    },
    "json_file": {
      "value": 50,
      "type": "number"
    }
  },
  "resources": [
    {
      "mode": "managed",
      "type": "local_file",
      "name": "DevOps",
      "provider": "provider[\"registry.terraform.io/hashicorp/local\"]",
      "instances": [
        {
          "schema_version": 0,
          "attributes": {
            "content": "This is cool",
            "content_base64": null,
            "content_base64sha256": "XP9YDHZ5tDxkUZIVMpd6Yg8QttvAsoUJoaVbuIH+4u0=",
            "content_base64sha512": "b5GtG60kw3VrNvqqxUz3AIXDje3evrdtkE6F5UMd0T+FFpkoirg0udu08iVOZuP6fCk8sLXsaan6jR9QydD27A==",
            "content_md5": "9e4d652d0f029ed363bbaa9c08a2952b",
            "content_sha1": "ee7e21ae5406bc59f8e1ad5f15f95a535824c457",
            "content_sha256": "5cff580c7679b43c6451921532977a620f10b6dbc0b28509a1a55bb881fee2ed",
            "content_sha512": "6f91ad1bad24c3756b36faaac54cf70085c38deddebeb76d904e85e5431dd13f851699288ab834b9dbb4f2254e66e3fa7c293cb0b5ec69a9fa8d1f50c9d0f6ec",
            "directory_permission": "0777",
            "file_permission": "0777",
            "filename": "/home/yatharthavijay5/terrform_course/terraform_variables/DevOps.txt",
            "id": "ee7e21ae5406bc59f8e1ad5f15f95a535824c457",
            "sensitive_content": null,
            "source": null
          },
          "sensitive_attributes": []
        }
      ]
    },
    {
      "mode": "managed",
      "type": "local_file",
      "name": "second_file",
      "provider": "provider[\"registry.terraform.io/hashicorp/local\"]",
      "instances": [
        {
          "schema_version": 0,
          "attributes": {
            "content": "This is cooler",
            "content_base64": null,
            "content_base64sha256": "q6jPp4lHNTZnbOw/nQvR+SBRh0a5Tqlqhi0Q5Z0cXPk=",
            "content_base64sha512": "LSb0UL9Av218nT/eo2B6i9+Jlae2I3oh8+74HWC51Y3zJVNUkph6opK26QKunAf3cwt3T2aRs2dfoLlTh+d2DA==",
            "content_md5": "4044b03536bfdfcf962b8fd990d62d4f",
            "content_sha1": "6fed07e9f47c5935560e3a3058534f29106b8ec2",
            "content_sha256": "aba8cfa789473536676cec3f9d0bd1f920518746b94ea96a862d10e59d1c5cf9",
            "content_sha512": "2d26f450bf40bf6d7c9d3fdea3607a8bdf8995a7b6237a21f3eef81d60b9d58df325535492987aa292b6e902ae9c07f7730b774f6691b3675fa0b95387e7760c",
            "directory_permission": "0777",
            "file_permission": "0777",
            "filename": "/home/yatharthavijay5/terrform_course/terraform_variables/DevOps_automated",
            "id": "6fed07e9f47c5935560e3a3058534f29106b8ec2",
            "sensitive_content": null,
            "source": null
          },
          "sensitive_attributes": []
        }
      ]
    },
    {
      "mode": "managed",
      "type": "local_file",
      "name": "third_file",
      "provider": "provider[\"registry.terraform.io/hashicorp/local\"]",
      "instances": [
        {
          "schema_version": 0,
          "attributes": {
            "content": "I love terraform",
            "content_base64": null,
            "content_base64sha256": "SPuYCw1w4PiFQ9+B4ilauNT0Za2Xx6DsNd9nT7sc51Q=",
            "content_base64sha512": "7lmVajw9qOToJhWQZ2vxO2IsHMBpQG+Mq9IJ8D8q7fq01zzT1vc6p8zxbJS3xMqCqI7kRzHE5Mxji+vkWhs7gw==",
            "content_md5": "4b64d8f6a0e8c1e74335fa31f1124c45",
            "content_sha1": "16184cd6fb8de574a247e0e6e70a157f1ad416ba",
            "content_sha256": "48fb980b0d70e0f88543df81e2295ab8d4f465ad97c7a0ec35df674fbb1ce754",
            "content_sha512": "ee59956a3c3da8e4e8261590676bf13b622c1cc069406f8cabd209f03f2aedfab4d73cd3d6f73aa7ccf16c94b7c4ca82a88ee44731c4e4cc638bebe45a1b3b83",
            "directory_permission": "0777",
            "file_permission": "0777",
            "filename": "/home/yatharthavijay5/terrform_course/terraform_variables/yathartharocks.txt",
            "id": "16184cd6fb8de574a247e0e6e70a157f1ad416ba",
            "sensitive_content": null,
            "source": null
          },
          "sensitive_attributes": []
        }
      ]
    }
  ],
  "check_results": null
}
