{
  "version": 4,
  "terraform_version": "1.7.3",
  "serial": 3,
  "lineage": "ae1a673c-fde2-2048-5d83-430bce933314",
  "outputs": {
    "random_string": {
      "value": [
        "wMS}yxyurUQ?dhzj"
      ],
      "type": [
        "tuple",
        [
          "string"
        ]
      ]
    }
  },
  "resources": [
    {
      "mode": "managed",
      "type": "local_file",
      "name": "DevOps",
      "provider": "provider[\"registry.terraform.io/hashicorp/local\"]",
      "instances": [
        {
          "schema_version": 0,
          "attributes": {
            "content": "I want to become a DevOps Engineer who rocked Terraform",
            "content_base64": null,
            "content_base64sha256": "Q29auSDyPgAeJE2WHn58eoQg/he7dlvnSiyRBiZKWdc=",
            "content_base64sha512": "fogg4aDEe28LuQOIFz7hxzpTmWsOz9iyZUCCGILB9V2gkPd3ZNbeHeamHS76UWngpyHYTgzkAaeoxZylKeVP1Q==",
            "content_md5": "af64d17fd197b119ca1f464fd5a82f3c",
            "content_sha1": "1c51f53437c219eb5a1b8b03b29f59bcc25eb849",
            "content_sha256": "436f5ab920f23e001e244d961e7e7c7a8420fe17bb765be74a2c9106264a59d7",
            "content_sha512": "7e8820e1a0c47b6f0bb90388173ee1c73a53996b0ecfd8b26540821882c1f55da090f77764d6de1de6a61d2efa5169e0a721d84e0ce401a7a8c59ca529e54fd5",
            "directory_permission": "0777",
            "file_permission": "0777",
            "filename": "/home/yatharthavijay5/terrform_course/terraform_local_file/DevOps_automated.txt",
            "id": "1c51f53437c219eb5a1b8b03b29f59bcc25eb849",
            "sensitive_content": null,
            "source": null
          },
          "sensitive_attributes": []
        }
      ]
    },
    {
      "mode": "managed",
      "type": "random_string",
      "name": "rand-str",
      "provider": "provider[\"registry.terraform.io/hashicorp/random\"]",
      "instances": [
        {
          "schema_version": 2,
          "attributes": {
            "id": "wMS}yxyurUQ?dhzj",
            "keepers": null,
            "length": 16,
            "lower": true,
            "min_lower": 0,
            "min_numeric": 0,
            "min_special": 0,
            "min_upper": 0,
            "number": true,
            "numeric": true,
            "override_special": null,
            "result": "wMS}yxyurUQ?dhzj",
            "special": true,
            "upper": true
          },
          "sensitive_attributes": []
        }
      ]
    }
  ],
  "check_results": null
}
